
Microsoft Visual Studio Solution File, Format Version 12.00
# Visual Studio Version 17
VisualStudioVersion = 17.0.32014.148
MinimumVisualStudioVersion = 10.0.40219.1
Project("{FAE04EC0-301F-11D3-BF4B-00C04F79EFBC}") = "Boing", "Boing\Boing.csproj", "{7C248313-40A5-45FA-BD69-4399F4C74CA8}"
EndProject
Global
	GlobalSection(SolutionConfigurationPlatforms) = preSolution
		Debug|Any CPU = Debug|Any CPU
		Release|Any CPU = Release|Any CPU
	EndGlobalSection
	GlobalSection(ProjectConfigurationPlatforms) = postSolution
		{7C248313-40A5-45FA-BD69-4399F4C74CA8}.Debug|Any CPU.ActiveCfg = Debug|Any CPU
		{7C248313-40A5-45FA-BD69-4399F4C74CA8}.Debug|Any CPU.Build.0 = Debug|Any CPU
		{7C248313-40A5-45FA-BD69-4399F4C74CA8}.Release|Any CPU.ActiveCfg = Release|Any CPU
		{7C248313-40A5-45FA-BD69-4399F4C74CA8}.Release|Any CPU.Build.0 = Release|Any CPU
	EndGlobalSection
	GlobalSection(SolutionProperties) = preSolution
		HideSolutionNode = FALSE
	EndGlobalSection
	GlobalSection(ExtensibilityGlobals) = postSolution
		SolutionGuid = {12C61492-4190-47D7-8B5B-ED34874F6ACE}
	EndGlobalSection
EndGlobal
